
Microsoft Visual Studio Solution File, Format Version 12.00
# Visual Studio Version 17
VisualStudioVersion = 17.9.34701.34
MinimumVisualStudioVersion = 10.0.40219.1
Project("{FAE04EC0-301F-11D3-BF4B-00C04F79EFBC}") = "SimpleTraceroute", "SimpleTraceroute\SimpleTraceroute.csproj", "{2F26EC1F-A66F-4BDC-8C1E-310DF20FA744}"
EndProject
Global
	GlobalSection(SolutionConfigurationPlatforms) = preSolution
		Debug|Any CPU = Debug|Any CPU
		Release|Any CPU = Release|Any CPU
	EndGlobalSection
	GlobalSection(ProjectConfigurationPlatforms) = postSolution
		{2F26EC1F-A66F-4BDC-8C1E-310DF20FA744}.Debug|Any CPU.ActiveCfg = Debug|Any CPU
		{2F26EC1F-A66F-4BDC-8C1E-310DF20FA744}.Debug|Any CPU.Build.0 = Debug|Any CPU
		{2F26EC1F-A66F-4BDC-8C1E-310DF20FA744}.Release|Any CPU.ActiveCfg = Release|Any CPU
		{2F26EC1F-A66F-4BDC-8C1E-310DF20FA744}.Release|Any CPU.Build.0 = Release|Any CPU
	EndGlobalSection
	GlobalSection(SolutionProperties) = preSolution
		HideSolutionNode = FALSE
	EndGlobalSection
	GlobalSection(ExtensibilityGlobals) = postSolution
		SolutionGuid = {7B427E96-F8DB-489F-88BD-880085AB63EC}
	EndGlobalSection
EndGlobal
